
Microsoft Visual Studio Solution File, Format Version 12.00
# Visual Studio Version 17
VisualStudioVersion = 17.2.32505.173
MinimumVisualStudioVersion = 10.0.40219.1
Project("{2150E333-8FDC-42A3-9474-1A3956D46DE8}") = ".nuget", ".nuget", "{6D558C02-7C7B-4CEC-BD10-0CBB8613AF1C}"
	ProjectSection(SolutionItems) = preProject
		.nuget\NuGet.Config = .nuget\NuGet.Config
		.nuget\NuGet.exe = .nuget\NuGet.exe
		.nuget\NuGet.targets = .nuget\NuGet.targets
	EndProjectSection
EndProject
Project("{2150E333-8FDC-42A3-9474-1A3956D46DE8}") = "Plugins", "Plugins", "{4F45889C-CF29-4CDF-8E3E-90ACE3591BFE}"
EndProject
Project("{9A19103F-16F7-4668-BE54-9A1E7A4F7556}") = "Flummery.Core", "Flummery.Core\Flummery.Core.csproj", "{B7DA2D32-3C8E-431B-8144-CD72DA02139D}"
EndProject
Project("{9A19103F-16F7-4668-BE54-9A1E7A4F7556}") = "Flummery.Plugin", "Flummery.Plugin\Flummery.Plugin.csproj", "{3A225909-3929-40D4-B2EF-50BC1183E3A0}"
	ProjectSection(ProjectDependencies) = postProject
		{B7DA2D32-3C8E-431B-8144-CD72DA02139D} = {B7DA2D32-3C8E-431B-8144-CD72DA02139D}
	EndProjectSection
EndProject
Project("{9A19103F-16F7-4668-BE54-9A1E7A4F7556}") = "CarmageddonClassic", "Plugins\CarmageddonClassic\CarmageddonClassic.csproj", "{4F0425F3-B94F-4CE0-B329-E8281F451C10}"
EndProject
Project("{9A19103F-16F7-4668-BE54-9A1E7A4F7556}") = "CarmageddonMaxDamage", "Plugins\CarmageddonMaxDamage\CarmageddonMaxDamage.csproj", "{C0D5578F-09D0-46B2-948E-9768D4753DDC}"
EndProject
Project("{9A19103F-16F7-4668-BE54-9A1E7A4F7556}") = "TDR2000", "Plugins\TDR2000\TDR2000.csproj", "{250DDEF4-0741-4071-BF7B-68E2D52DB491}"
EndProject
Project("{9A19103F-16F7-4668-BE54-9A1E7A4F7556}") = "Flummery", "Flummery\Flummery.csproj", "{4AE5434B-444F-4B15-AE38-0B2142AB1410}"
	ProjectSection(ProjectDependencies) = postProject
		{250DDEF4-0741-4071-BF7B-68E2D52DB491} = {250DDEF4-0741-4071-BF7B-68E2D52DB491}
		{4F0425F3-B94F-4CE0-B329-E8281F451C10} = {4F0425F3-B94F-4CE0-B329-E8281F451C10}
		{C0D5578F-09D0-46B2-948E-9768D4753DDC} = {C0D5578F-09D0-46B2-948E-9768D4753DDC}
	EndProjectSection
EndProject
Global
	GlobalSection(SolutionConfigurationPlatforms) = preSolution
		Debug|Any CPU = Debug|Any CPU
		Debug|Mixed Platforms = Debug|Mixed Platforms
		Debug|x86 = Debug|x86
		Release|Any CPU = Release|Any CPU
		Release|Mixed Platforms = Release|Mixed Platforms
		Release|x86 = Release|x86
	EndGlobalSection
	GlobalSection(ProjectConfigurationPlatforms) = postSolution
		{B7DA2D32-3C8E-431B-8144-CD72DA02139D}.Debug|Any CPU.ActiveCfg = Debug|Any CPU
		{B7DA2D32-3C8E-431B-8144-CD72DA02139D}.Debug|Any CPU.Build.0 = Debug|Any CPU
		{B7DA2D32-3C8E-431B-8144-CD72DA02139D}.Debug|Mixed Platforms.ActiveCfg = Debug|Any CPU
		{B7DA2D32-3C8E-431B-8144-CD72DA02139D}.Debug|Mixed Platforms.Build.0 = Debug|Any CPU
		{B7DA2D32-3C8E-431B-8144-CD72DA02139D}.Debug|x86.ActiveCfg = Debug|Any CPU
		{B7DA2D32-3C8E-431B-8144-CD72DA02139D}.Debug|x86.Build.0 = Debug|Any CPU
		{B7DA2D32-3C8E-431B-8144-CD72DA02139D}.Release|Any CPU.ActiveCfg = Release|Any CPU
		{B7DA2D32-3C8E-431B-8144-CD72DA02139D}.Release|Any CPU.Build.0 = Release|Any CPU
		{B7DA2D32-3C8E-431B-8144-CD72DA02139D}.Release|Mixed Platforms.ActiveCfg = Release|Any CPU
		{B7DA2D32-3C8E-431B-8144-CD72DA02139D}.Release|Mixed Platforms.Build.0 = Release|Any CPU
		{B7DA2D32-3C8E-431B-8144-CD72DA02139D}.Release|x86.ActiveCfg = Release|Any CPU
		{B7DA2D32-3C8E-431B-8144-CD72DA02139D}.Release|x86.Build.0 = Release|Any CPU
		{3A225909-3929-40D4-B2EF-50BC1183E3A0}.Debug|Any CPU.ActiveCfg = Debug|Any CPU
		{3A225909-3929-40D4-B2EF-50BC1183E3A0}.Debug|Any CPU.Build.0 = Debug|Any CPU
		{3A225909-3929-40D4-B2EF-50BC1183E3A0}.Debug|Mixed Platforms.ActiveCfg = Debug|Any CPU
		{3A225909-3929-40D4-B2EF-50BC1183E3A0}.Debug|Mixed Platforms.Build.0 = Debug|Any CPU
		{3A225909-3929-40D4-B2EF-50BC1183E3A0}.Debug|x86.ActiveCfg = Debug|Any CPU
		{3A225909-3929-40D4-B2EF-50BC1183E3A0}.Debug|x86.Build.0 = Debug|Any CPU
		{3A225909-3929-40D4-B2EF-50BC1183E3A0}.Release|Any CPU.ActiveCfg = Release|Any CPU
		{3A225909-3929-40D4-B2EF-50BC1183E3A0}.Release|Any CPU.Build.0 = Release|Any CPU
		{3A225909-3929-40D4-B2EF-50BC1183E3A0}.Release|Mixed Platforms.ActiveCfg = Release|Any CPU
		{3A225909-3929-40D4-B2EF-50BC1183E3A0}.Release|Mixed Platforms.Build.0 = Release|Any CPU
		{3A225909-3929-40D4-B2EF-50BC1183E3A0}.Release|x86.ActiveCfg = Release|Any CPU
		{3A225909-3929-40D4-B2EF-50BC1183E3A0}.Release|x86.Build.0 = Release|Any CPU
		{4F0425F3-B94F-4CE0-B329-E8281F451C10}.Debug|Any CPU.ActiveCfg = Debug|Any CPU
		{4F0425F3-B94F-4CE0-B329-E8281F451C10}.Debug|Any CPU.Build.0 = Debug|Any CPU
		{4F0425F3-B94F-4CE0-B329-E8281F451C10}.Debug|Mixed Platforms.ActiveCfg = Debug|Any CPU
		{4F0425F3-B94F-4CE0-B329-E8281F451C10}.Debug|Mixed Platforms.Build.0 = Debug|Any CPU
		{4F0425F3-B94F-4CE0-B329-E8281F451C10}.Debug|x86.ActiveCfg = Debug|Any CPU
		{4F0425F3-B94F-4CE0-B329-E8281F451C10}.Debug|x86.Build.0 = Debug|Any CPU
		{4F0425F3-B94F-4CE0-B329-E8281F451C10}.Release|Any CPU.ActiveCfg = Release|Any CPU
		{4F0425F3-B94F-4CE0-B329-E8281F451C10}.Release|Any CPU.Build.0 = Release|Any CPU
		{4F0425F3-B94F-4CE0-B329-E8281F451C10}.Release|Mixed Platforms.ActiveCfg = Release|Any CPU
		{4F0425F3-B94F-4CE0-B329-E8281F451C10}.Release|Mixed Platforms.Build.0 = Release|Any CPU
		{4F0425F3-B94F-4CE0-B329-E8281F451C10}.Release|x86.ActiveCfg = Release|Any CPU
		{4F0425F3-B94F-4CE0-B329-E8281F451C10}.Release|x86.Build.0 = Release|Any CPU
		{C0D5578F-09D0-46B2-948E-9768D4753DDC}.Debug|Any CPU.ActiveCfg = Debug|Any CPU
		{C0D5578F-09D0-46B2-948E-9768D4753DDC}.Debug|Any CPU.Build.0 = Debug|Any CPU
		{C0D5578F-09D0-46B2-948E-9768D4753DDC}.Debug|Mixed Platforms.ActiveCfg = Debug|Any CPU
		{C0D5578F-09D0-46B2-948E-9768D4753DDC}.Debug|Mixed Platforms.Build.0 = Debug|Any CPU
		{C0D5578F-09D0-46B2-948E-9768D4753DDC}.Debug|x86.ActiveCfg = Debug|Any CPU
		{C0D5578F-09D0-46B2-948E-9768D4753DDC}.Debug|x86.Build.0 = Debug|Any CPU
		{C0D5578F-09D0-46B2-948E-9768D4753DDC}.Release|Any CPU.ActiveCfg = Release|Any CPU
		{C0D5578F-09D0-46B2-948E-9768D4753DDC}.Release|Any CPU.Build.0 = Release|Any CPU
		{C0D5578F-09D0-46B2-948E-9768D4753DDC}.Release|Mixed Platforms.ActiveCfg = Release|Any CPU
		{C0D5578F-09D0-46B2-948E-9768D4753DDC}.Release|Mixed Platforms.Build.0 = Release|Any CPU
		{C0D5578F-09D0-46B2-948E-9768D4753DDC}.Release|x86.ActiveCfg = Release|Any CPU
		{C0D5578F-09D0-46B2-948E-9768D4753DDC}.Release|x86.Build.0 = Release|Any CPU
		{250DDEF4-0741-4071-BF7B-68E2D52DB491}.Debug|Any CPU.ActiveCfg = Debug|Any CPU
		{250DDEF4-0741-4071-BF7B-68E2D52DB491}.Debug|Any CPU.Build.0 = Debug|Any CPU
		{250DDEF4-0741-4071-BF7B-68E2D52DB491}.Debug|Mixed Platforms.ActiveCfg = Debug|Any CPU
		{250DDEF4-0741-4071-BF7B-68E2D52DB491}.Debug|Mixed Platforms.Build.0 = Debug|Any CPU
		{250DDEF4-0741-4071-BF7B-68E2D52DB491}.Debug|x86.ActiveCfg = Debug|Any CPU
		{250DDEF4-0741-4071-BF7B-68E2D52DB491}.Debug|x86.Build.0 = Debug|Any CPU
		{250DDEF4-0741-4071-BF7B-68E2D52DB491}.Release|Any CPU.ActiveCfg = Release|Any CPU
		{250DDEF4-0741-4071-BF7B-68E2D52DB491}.Release|Any CPU.Build.0 = Release|Any CPU
		{250DDEF4-0741-4071-BF7B-68E2D52DB491}.Release|Mixed Platforms.ActiveCfg = Release|Any CPU
		{250DDEF4-0741-4071-BF7B-68E2D52DB491}.Release|Mixed Platforms.Build.0 = Release|Any CPU
		{250DDEF4-0741-4071-BF7B-68E2D52DB491}.Release|x86.ActiveCfg = Release|Any CPU
		{250DDEF4-0741-4071-BF7B-68E2D52DB491}.Release|x86.Build.0 = Release|Any CPU
		{4AE5434B-444F-4B15-AE38-0B2142AB1410}.Debug|Any CPU.ActiveCfg = Debug|Any CPU
		{4AE5434B-444F-4B15-AE38-0B2142AB1410}.Debug|Any CPU.Build.0 = Debug|Any CPU
		{4AE5434B-444F-4B15-AE38-0B2142AB1410}.Debug|Mixed Platforms.ActiveCfg = Debug|Any CPU
		{4AE5434B-444F-4B15-AE38-0B2142AB1410}.Debug|Mixed Platforms.Build.0 = Debug|Any CPU
		{4AE5434B-444F-4B15-AE38-0B2142AB1410}.Debug|x86.ActiveCfg = Debug|Any CPU
		{4AE5434B-444F-4B15-AE38-0B2142AB1410}.Debug|x86.Build.0 = Debug|Any CPU
		{4AE5434B-444F-4B15-AE38-0B2142AB1410}.Release|Any CPU.ActiveCfg = Release|Any CPU
		{4AE5434B-444F-4B15-AE38-0B2142AB1410}.Release|Any CPU.Build.0 = Release|Any CPU
		{4AE5434B-444F-4B15-AE38-0B2142AB1410}.Release|Mixed Platforms.ActiveCfg = Release|Any CPU
		{4AE5434B-444F-4B15-AE38-0B2142AB1410}.Release|Mixed Platforms.Build.0 = Release|Any CPU
		{4AE5434B-444F-4B15-AE38-0B2142AB1410}.Release|x86.ActiveCfg = Release|Any CPU
		{4AE5434B-444F-4B15-AE38-0B2142AB1410}.Release|x86.Build.0 = Release|Any CPU
	EndGlobalSection
	GlobalSection(SolutionProperties) = preSolution
		HideSolutionNode = FALSE
	EndGlobalSection
	GlobalSection(NestedProjects) = preSolution
		{4F0425F3-B94F-4CE0-B329-E8281F451C10} = {4F45889C-CF29-4CDF-8E3E-90ACE3591BFE}
		{C0D5578F-09D0-46B2-948E-9768D4753DDC} = {4F45889C-CF29-4CDF-8E3E-90ACE3591BFE}
		{250DDEF4-0741-4071-BF7B-68E2D52DB491} = {4F45889C-CF29-4CDF-8E3E-90ACE3591BFE}
	EndGlobalSection
	GlobalSection(ExtensibilityGlobals) = postSolution
		SolutionGuid = {F88FFC56-63F0-447D-B613-AB374F3342F7}
	EndGlobalSection
EndGlobal
